
Microsoft Visual Studio Solution File, Format Version 12.00
# Visual Studio Version 17
VisualStudioVersion = 17.9.34622.214
MinimumVisualStudioVersion = 10.0.40219.1
Project("{FAE04EC0-301F-11D3-BF4B-00C04F79EFBC}") = "CRUD-MAUI-APP", "CRUD-MAUI-APP\CRUD-MAUI-APP.csproj", "{01E0B8EF-EC1F-4C79-AA4E-C19E37ACBF28}"
EndProject
Project("{FAE04EC0-301F-11D3-BF4B-00C04F79EFBC}") = "ApiClientPackage", "ApiClientPackage\ApiClientPackage.csproj", "{A70B22DA-5FDB-4971-A8FE-A44AF5D9F64E}"
EndProject
Project("{FAE04EC0-301F-11D3-BF4B-00C04F79EFBC}") = "Models", "Models\Models.csproj", "{A31C3E51-F00B-4D38-B130-E1CE5D1F700B}"
EndProject
Global
	GlobalSection(SolutionConfigurationPlatforms) = preSolution
		Debug|Any CPU = Debug|Any CPU
		Release|Any CPU = Release|Any CPU
	EndGlobalSection
	GlobalSection(ProjectConfigurationPlatforms) = postSolution
		{01E0B8EF-EC1F-4C79-AA4E-C19E37ACBF28}.Debug|Any CPU.ActiveCfg = Debug|Any CPU
		{01E0B8EF-EC1F-4C79-AA4E-C19E37ACBF28}.Debug|Any CPU.Build.0 = Debug|Any CPU
		{01E0B8EF-EC1F-4C79-AA4E-C19E37ACBF28}.Debug|Any CPU.Deploy.0 = Debug|Any CPU
		{01E0B8EF-EC1F-4C79-AA4E-C19E37ACBF28}.Release|Any CPU.ActiveCfg = Release|Any CPU
		{01E0B8EF-EC1F-4C79-AA4E-C19E37ACBF28}.Release|Any CPU.Build.0 = Release|Any CPU
		{01E0B8EF-EC1F-4C79-AA4E-C19E37ACBF28}.Release|Any CPU.Deploy.0 = Release|Any CPU
		{A70B22DA-5FDB-4971-A8FE-A44AF5D9F64E}.Debug|Any CPU.ActiveCfg = Debug|Any CPU
		{A70B22DA-5FDB-4971-A8FE-A44AF5D9F64E}.Debug|Any CPU.Build.0 = Debug|Any CPU
		{A70B22DA-5FDB-4971-A8FE-A44AF5D9F64E}.Release|Any CPU.ActiveCfg = Release|Any CPU
		{A70B22DA-5FDB-4971-A8FE-A44AF5D9F64E}.Release|Any CPU.Build.0 = Release|Any CPU
		{A31C3E51-F00B-4D38-B130-E1CE5D1F700B}.Debug|Any CPU.ActiveCfg = Debug|Any CPU
		{A31C3E51-F00B-4D38-B130-E1CE5D1F700B}.Debug|Any CPU.Build.0 = Debug|Any CPU
		{A31C3E51-F00B-4D38-B130-E1CE5D1F700B}.Release|Any CPU.ActiveCfg = Release|Any CPU
		{A31C3E51-F00B-4D38-B130-E1CE5D1F700B}.Release|Any CPU.Build.0 = Release|Any CPU
	EndGlobalSection
	GlobalSection(SolutionProperties) = preSolution
		HideSolutionNode = FALSE
	EndGlobalSection
	GlobalSection(ExtensibilityGlobals) = postSolution
		SolutionGuid = {7D941C39-D2D6-4442-8A6D-5708444FC588}
	EndGlobalSection
EndGlobal
